Microsoft Visual Studio Solution File, Format Version 12.00
# Visual Studio Version 17
VisualStudioVersion = 17.13.35931.197
MinimumVisualStudioVersion = 10.0.40219.1
Project("{8BC9CEB8-8B4A-11D0-8D11-00A0C91BC942}") = "libpar2", "libpar2.vcxproj", "{D0A94F83-495E-4FB2-AC33-9A3EC2CC263B}"
EndProject
Project("{8BC9CEB8-8B4A-11D0-8D11-00A0C91BC942}") = "par2cmdline", "par2cmdline.vcxproj", "{54348158-1A8A-41AF-A76A-0AAAD0E43909}"
EndProject
Project("{2150E333-8FDC-42A3-9474-1A3956D46DE8}") = "tests", "tests", "{09795456-9DA5-4253-AE04-DD2AB464238A}"
EndProject
Project("{8BC9CEB8-8B4A-11D0-8D11-00A0C91BC942}") = "letype_test", "tests\letype_test.vcxproj", "{73CFCB2E-19E6-4ADF-B825-D2FA87458F3C}"
EndProject
Project("{8BC9CEB8-8B4A-11D0-8D11-00A0C91BC942}") = "crc_test", "tests\crc_test.vcxproj", "{48AECF41-79C7-4739-A80E-B4CD22CCE099}"
EndProject
Project("{8BC9CEB8-8B4A-11D0-8D11-00A0C91BC942}") = "md5_test", "tests\md5_test.vcxproj", "{3C50AA0B-8B10-4BAD-85F8-953861327D0A}"
EndProject
Project("{8BC9CEB8-8B4A-11D0-8D11-00A0C91BC942}") = "galois_test", "tests\galois_test.vcxproj", "{263DECCF-470B-4BD0-B21A-D349B563CF6C}"
EndProject
Project("{8BC9CEB8-8B4A-11D0-8D11-00A0C91BC942}") = "reedsolomon_test", "tests\reedsolomon_test.vcxproj", "{4F6ACCCE-6D7F-4C47-B57B-8B017AB383E1}"
EndProject
Project("{8BC9CEB8-8B4A-11D0-8D11-00A0C91BC942}") = "utf8_test", "tests\utf8_test.vcxproj", "{757A04A3-9F41-42E2-813C-0774D3835AFB}"
EndProject
Project("{8BC9CEB8-8B4A-11D0-8D11-00A0C91BC942}") = "diskfile_test", "tests\diskfile_test.vcxproj", "{6612248A-AB2C-400B-A879-89CA63DBFCD1}"
EndProject
Project("{8BC9CEB8-8B4A-11D0-8D11-00A0C91BC942}") = "libpar2_test", "tests\libpar2_test.vcxproj", "{BF86226A-49BA-401C-B6E1-DC52A7D7965D}"
EndProject
Project("{8BC9CEB8-8B4A-11D0-8D11-00A0C91BC942}") = "commandline_test", "tests\commandline_test.vcxproj", "{E2E11769-76C3-40BD-BF1C-A9198481BD6E}"
EndProject
Project("{8BC9CEB8-8B4A-11D0-8D11-00A0C91BC942}") = "descriptionpacket_test", "tests\descriptionpacket_test.vcxproj", "{4E77EA22-B1FA-4FC0-8E13-74953DE245D7}"
EndProject
Project("{8BC9CEB8-8B4A-11D0-8D11-00A0C91BC942}") = "criticalpacket_test", "tests\criticalpacket_test.vcxproj", "{862B6ABA-D1C6-4DB8-A893-747CC8B5D0F2}"
EndProject
Global
	GlobalSection(SolutionConfigurationPlatforms) = preSolution
		Debug|ARM64 = Debug|ARM64
		Debug|Win32 = Debug|Win32
		Debug|x64 = Debug|x64
		Release|ARM64 = Release|ARM64
		Release|Win32 = Release|Win32
		Release|x64 = Release|x64
		UnitTests-Debug|ARM64 = UnitTests-Debug|ARM64
		UnitTests-Debug|Win32 = UnitTests-Debug|Win32
		UnitTests-Debug|x64 = UnitTests-Debug|x64
		UnitTests-Release|ARM64 = UnitTests-Release|ARM64
		UnitTests-Release|Win32 = UnitTests-Release|Win32
		UnitTests-Release|x64 = UnitTests-Release|x64
	EndGlobalSection
	GlobalSection(ProjectConfigurationPlatforms) = postSolution
		{D0A94F83-495E-4FB2-AC33-9A3EC2CC263B}.Debug|ARM64.ActiveCfg = Debug|ARM64
		{D0A94F83-495E-4FB2-AC33-9A3EC2CC263B}.Debug|ARM64.Build.0 = Debug|ARM64
		{D0A94F83-495E-4FB2-AC33-9A3EC2CC263B}.Debug|Win32.ActiveCfg = Debug|Win32
		{D0A94F83-495E-4FB2-AC33-9A3EC2CC263B}.Debug|Win32.Build.0 = Debug|Win32
		{D0A94F83-495E-4FB2-AC33-9A3EC2CC263B}.Debug|x64.ActiveCfg = Debug|x64
		{D0A94F83-495E-4FB2-AC33-9A3EC2CC263B}.Debug|x64.Build.0 = Debug|x64
		{D0A94F83-495E-4FB2-AC33-9A3EC2CC263B}.Release|ARM64.ActiveCfg = Release|ARM64
		{D0A94F83-495E-4FB2-AC33-9A3EC2CC263B}.Release|ARM64.Build.0 = Release|ARM64
		{D0A94F83-495E-4FB2-AC33-9A3EC2CC263B}.Release|Win32.ActiveCfg = Release|Win32
		{D0A94F83-495E-4FB2-AC33-9A3EC2CC263B}.Release|Win32.Build.0 = Release|Win32
		{D0A94F83-495E-4FB2-AC33-9A3EC2CC263B}.Release|x64.ActiveCfg = Release|x64
		{D0A94F83-495E-4FB2-AC33-9A3EC2CC263B}.Release|x64.Build.0 = Release|x64
		{D0A94F83-495E-4FB2-AC33-9A3EC2CC263B}.UnitTests-Debug|ARM64.ActiveCfg = Debug|ARM64
		{D0A94F83-495E-4FB2-AC33-9A3EC2CC263B}.UnitTests-Debug|ARM64.Build.0 = Debug|ARM64
		{D0A94F83-495E-4FB2-AC33-9A3EC2CC263B}.UnitTests-Debug|Win32.ActiveCfg = Debug|Win32
		{D0A94F83-495E-4FB2-AC33-9A3EC2CC263B}.UnitTests-Debug|Win32.Build.0 = Debug|Win32
		{D0A94F83-495E-4FB2-AC33-9A3EC2CC263B}.UnitTests-Debug|x64.ActiveCfg = Debug|x64
		{D0A94F83-495E-4FB2-AC33-9A3EC2CC263B}.UnitTests-Debug|x64.Build.0 = Debug|x64
		{D0A94F83-495E-4FB2-AC33-9A3EC2CC263B}.UnitTests-Release|ARM64.ActiveCfg = Release|ARM64
		{D0A94F83-495E-4FB2-AC33-9A3EC2CC263B}.UnitTests-Release|ARM64.Build.0 = Release|ARM64
		{D0A94F83-495E-4FB2-AC33-9A3EC2CC263B}.UnitTests-Release|Win32.ActiveCfg = Release|Win32
		{D0A94F83-495E-4FB2-AC33-9A3EC2CC263B}.UnitTests-Release|Win32.Build.0 = Release|Win32
		{D0A94F83-495E-4FB2-AC33-9A3EC2CC263B}.UnitTests-Release|x64.ActiveCfg = Release|x64
		{D0A94F83-495E-4FB2-AC33-9A3EC2CC263B}.UnitTests-Release|x64.Build.0 = Release|x64
		{54348158-1A8A-41AF-A76A-0AAAD0E43909}.Debug|ARM64.ActiveCfg = Debug|ARM64
		{54348158-1A8A-41AF-A76A-0AAAD0E43909}.Debug|ARM64.Build.0 = Debug|ARM64
		{54348158-1A8A-41AF-A76A-0AAAD0E43909}.Debug|Win32.ActiveCfg = Debug|Win32
		{54348158-1A8A-41AF-A76A-0AAAD0E43909}.Debug|Win32.Build.0 = Debug|Win32
		{54348158-1A8A-41AF-A76A-0AAAD0E43909}.Debug|x64.ActiveCfg = Debug|x64
		{54348158-1A8A-41AF-A76A-0AAAD0E43909}.Debug|x64.Build.0 = Debug|x64
		{54348158-1A8A-41AF-A76A-0AAAD0E43909}.Release|ARM64.ActiveCfg = Release|ARM64
		{54348158-1A8A-41AF-A76A-0AAAD0E43909}.Release|ARM64.Build.0 = Release|ARM64
		{54348158-1A8A-41AF-A76A-0AAAD0E43909}.Release|Win32.ActiveCfg = Release|Win32
		{54348158-1A8A-41AF-A76A-0AAAD0E43909}.Release|Win32.Build.0 = Release|Win32
		{54348158-1A8A-41AF-A76A-0AAAD0E43909}.Release|x64.ActiveCfg = Release|x64
		{54348158-1A8A-41AF-A76A-0AAAD0E43909}.Release|x64.Build.0 = Release|x64
		{54348158-1A8A-41AF-A76A-0AAAD0E43909}.UnitTests-Debug|ARM64.ActiveCfg = Debug|ARM64
		{54348158-1A8A-41AF-A76A-0AAAD0E43909}.UnitTests-Debug|Win32.ActiveCfg = Debug|Win32
		{54348158-1A8A-41AF-A76A-0AAAD0E43909}.UnitTests-Debug|x64.ActiveCfg = Debug|x64
		{54348158-1A8A-41AF-A76A-0AAAD0E43909}.UnitTests-Release|ARM64.ActiveCfg = Release|ARM64
		{54348158-1A8A-41AF-A76A-0AAAD0E43909}.UnitTests-Release|Win32.ActiveCfg = Release|Win32
		{54348158-1A8A-41AF-A76A-0AAAD0E43909}.UnitTests-Release|x64.ActiveCfg = Release|x64
		{73CFCB2E-19E6-4ADF-B825-D2FA87458F3C}.Debug|ARM64.ActiveCfg = Debug|ARM64
		{73CFCB2E-19E6-4ADF-B825-D2FA87458F3C}.Debug|Win32.ActiveCfg = Debug|Win32
		{73CFCB2E-19E6-4ADF-B825-D2FA87458F3C}.Debug|x64.ActiveCfg = Debug|x64
		{73CFCB2E-19E6-4ADF-B825-D2FA87458F3C}.Release|ARM64.ActiveCfg = Release|ARM64
		{73CFCB2E-19E6-4ADF-B825-D2FA87458F3C}.Release|Win32.ActiveCfg = Release|Win32
		{73CFCB2E-19E6-4ADF-B825-D2FA87458F3C}.Release|x64.ActiveCfg = Release|x64
		{73CFCB2E-19E6-4ADF-B825-D2FA87458F3C}.UnitTests-Debug|ARM64.ActiveCfg = Debug|ARM64
		{73CFCB2E-19E6-4ADF-B825-D2FA87458F3C}.UnitTests-Debug|ARM64.Build.0 = Debug|ARM64
		{73CFCB2E-19E6-4ADF-B825-D2FA87458F3C}.UnitTests-Debug|Win32.ActiveCfg = Debug|Win32
		{73CFCB2E-19E6-4ADF-B825-D2FA87458F3C}.UnitTests-Debug|Win32.Build.0 = Debug|Win32
		{73CFCB2E-19E6-4ADF-B825-D2FA87458F3C}.UnitTests-Debug|x64.ActiveCfg = Debug|x64
		{73CFCB2E-19E6-4ADF-B825-D2FA87458F3C}.UnitTests-Debug|x64.Build.0 = Debug|x64
		{73CFCB2E-19E6-4ADF-B825-D2FA87458F3C}.UnitTests-Release|ARM64.ActiveCfg = Release|ARM64
		{73CFCB2E-19E6-4ADF-B825-D2FA87458F3C}.UnitTests-Release|ARM64.Build.0 = Release|ARM64
		{73CFCB2E-19E6-4ADF-B825-D2FA87458F3C}.UnitTests-Release|Win32.ActiveCfg = Release|Win32
		{73CFCB2E-19E6-4ADF-B825-D2FA87458F3C}.UnitTests-Release|Win32.Build.0 = Release|Win32
		{73CFCB2E-19E6-4ADF-B825-D2FA87458F3C}.UnitTests-Release|x64.ActiveCfg = Release|x64
		{73CFCB2E-19E6-4ADF-B825-D2FA87458F3C}.UnitTests-Release|x64.Build.0 = Release|x64
		{48AECF41-79C7-4739-A80E-B4CD22CCE099}.Debug|ARM64.ActiveCfg = Debug|ARM64
		{48AECF41-79C7-4739-A80E-B4CD22CCE099}.Debug|Win32.ActiveCfg = Debug|Win32
		{48AECF41-79C7-4739-A80E-B4CD22CCE099}.Debug|x64.ActiveCfg = Debug|x64
		{48AECF41-79C7-4739-A80E-B4CD22CCE099}.Release|ARM64.ActiveCfg = Release|ARM64
		{48AECF41-79C7-4739-A80E-B4CD22CCE099}.Release|Win32.ActiveCfg = Release|Win32
		{48AECF41-79C7-4739-A80E-B4CD22CCE099}.Release|x64.ActiveCfg = Release|x64
		{48AECF41-79C7-4739-A80E-B4CD22CCE099}.UnitTests-Debug|ARM64.ActiveCfg = Debug|ARM64
		{48AECF41-79C7-4739-A80E-B4CD22CCE099}.UnitTests-Debug|ARM64.Build.0 = Debug|ARM64
		{48AECF41-79C7-4739-A80E-B4CD22CCE099}.UnitTests-Debug|Win32.ActiveCfg = Debug|Win32
		{48AECF41-79C7-4739-A80E-B4CD22CCE099}.UnitTests-Debug|Win32.Build.0 = Debug|Win32
		{48AECF41-79C7-4739-A80E-B4CD22CCE099}.UnitTests-Debug|x64.ActiveCfg = Debug|x64
		{48AECF41-79C7-4739-A80E-B4CD22CCE099}.UnitTests-Debug|x64.Build.0 = Debug|x64
		{48AECF41-79C7-4739-A80E-B4CD22CCE099}.UnitTests-Release|ARM64.ActiveCfg = Release|ARM64
		{48AECF41-79C7-4739-A80E-B4CD22CCE099}.UnitTests-Release|ARM64.Build.0 = Release|ARM64
		{48AECF41-79C7-4739-A80E-B4CD22CCE099}.UnitTests-Release|Win32.ActiveCfg = Release|Win32
		{48AECF41-79C7-4739-A80E-B4CD22CCE099}.UnitTests-Release|Win32.Build.0 = Release|Win32
		{48AECF41-79C7-4739-A80E-B4CD22CCE099}.UnitTests-Release|x64.ActiveCfg = Release|x64
		{48AECF41-79C7-4739-A80E-B4CD22CCE099}.UnitTests-Release|x64.Build.0 = Release|x64
		{3C50AA0B-8B10-4BAD-85F8-953861327D0A}.Debug|ARM64.ActiveCfg = Debug|ARM64
		{3C50AA0B-8B10-4BAD-85F8-953861327D0A}.Debug|Win32.ActiveCfg = Debug|Win32
		{3C50AA0B-8B10-4BAD-85F8-953861327D0A}.Debug|x64.ActiveCfg = Debug|x64
		{3C50AA0B-8B10-4BAD-85F8-953861327D0A}.Release|ARM64.ActiveCfg = Release|ARM64
		{3C50AA0B-8B10-4BAD-85F8-953861327D0A}.Release|Win32.ActiveCfg = Release|Win32
		{3C50AA0B-8B10-4BAD-85F8-953861327D0A}.Release|x64.ActiveCfg = Release|x64
		{3C50AA0B-8B10-4BAD-85F8-953861327D0A}.UnitTests-Debug|ARM64.ActiveCfg = Debug|ARM64
		{3C50AA0B-8B10-4BAD-85F8-953861327D0A}.UnitTests-Debug|ARM64.Build.0 = Debug|ARM64
		{3C50AA0B-8B10-4BAD-85F8-953861327D0A}.UnitTests-Debug|Win32.ActiveCfg = Debug|Win32
		{3C50AA0B-8B10-4BAD-85F8-953861327D0A}.UnitTests-Debug|Win32.Build.0 = Debug|Win32
		{3C50AA0B-8B10-4BAD-85F8-953861327D0A}.UnitTests-Debug|x64.ActiveCfg = Debug|x64
		{3C50AA0B-8B10-4BAD-85F8-953861327D0A}.UnitTests-Debug|x64.Build.0 = Debug|x64
		{3C50AA0B-8B10-4BAD-85F8-953861327D0A}.UnitTests-Release|ARM64.ActiveCfg = Release|ARM64
		{3C50AA0B-8B10-4BAD-85F8-953861327D0A}.UnitTests-Release|ARM64.Build.0 = Release|ARM64
		{3C50AA0B-8B10-4BAD-85F8-953861327D0A}.UnitTests-Release|Win32.ActiveCfg = Release|Win32
		{3C50AA0B-8B10-4BAD-85F8-953861327D0A}.UnitTests-Release|Win32.Build.0 = Release|Win32
		{3C50AA0B-8B10-4BAD-85F8-953861327D0A}.UnitTests-Release|x64.ActiveCfg = Release|x64
		{3C50AA0B-8B10-4BAD-85F8-953861327D0A}.UnitTests-Release|x64.Build.0 = Release|x64
		{263DECCF-470B-4BD0-B21A-D349B563CF6C}.Debug|ARM64.ActiveCfg = Debug|ARM64
		{263DECCF-470B-4BD0-B21A-D349B563CF6C}.Debug|Win32.ActiveCfg = Debug|Win32
		{263DECCF-470B-4BD0-B21A-D349B563CF6C}.Debug|x64.ActiveCfg = Debug|x64
		{263DECCF-470B-4BD0-B21A-D349B563CF6C}.Release|ARM64.ActiveCfg = Release|ARM64
		{263DECCF-470B-4BD0-B21A-D349B563CF6C}.Release|Win32.ActiveCfg = Release|Win32
		{263DECCF-470B-4BD0-B21A-D349B563CF6C}.Release|x64.ActiveCfg = Release|x64
		{263DECCF-470B-4BD0-B21A-D349B563CF6C}.UnitTests-Debug|ARM64.ActiveCfg = Debug|ARM64
		{263DECCF-470B-4BD0-B21A-D349B563CF6C}.UnitTests-Debug|ARM64.Build.0 = Debug|ARM64
		{263DECCF-470B-4BD0-B21A-D349B563CF6C}.UnitTests-Debug|Win32.ActiveCfg = Debug|Win32
		{263DECCF-470B-4BD0-B21A-D349B563CF6C}.UnitTests-Debug|Win32.Build.0 = Debug|Win32
		{263DECCF-470B-4BD0-B21A-D349B563CF6C}.UnitTests-Debug|x64.ActiveCfg = Debug|x64
		{263DECCF-470B-4BD0-B21A-D349B563CF6C}.UnitTests-Debug|x64.Build.0 = Debug|x64
		{263DECCF-470B-4BD0-B21A-D349B563CF6C}.UnitTests-Release|ARM64.ActiveCfg = Release|ARM64
		{263DECCF-470B-4BD0-B21A-D349B563CF6C}.UnitTests-Release|ARM64.Build.0 = Release|ARM64
		{263DECCF-470B-4BD0-B21A-D349B563CF6C}.UnitTests-Release|Win32.ActiveCfg = Release|Win32
		{263DECCF-470B-4BD0-B21A-D349B563CF6C}.UnitTests-Release|Win32.Build.0 = Release|Win32
		{263DECCF-470B-4BD0-B21A-D349B563CF6C}.UnitTests-Release|x64.ActiveCfg = Release|x64
		{263DECCF-470B-4BD0-B21A-D349B563CF6C}.UnitTests-Release|x64.Build.0 = Release|x64
		{4F6ACCCE-6D7F-4C47-B57B-8B017AB383E1}.Debug|ARM64.ActiveCfg = Debug|ARM64
		{4F6ACCCE-6D7F-4C47-B57B-8B017AB383E1}.Debug|Win32.ActiveCfg = Debug|Win32
		{4F6ACCCE-6D7F-4C47-B57B-8B017AB383E1}.Debug|x64.ActiveCfg = Debug|x64
		{4F6ACCCE-6D7F-4C47-B57B-8B017AB383E1}.Release|ARM64.ActiveCfg = Release|ARM64
		{4F6ACCCE-6D7F-4C47-B57B-8B017AB383E1}.Release|Win32.ActiveCfg = Release|Win32
		{4F6ACCCE-6D7F-4C47-B57B-8B017AB383E1}.Release|x64.ActiveCfg = Release|x64
		{4F6ACCCE-6D7F-4C47-B57B-8B017AB383E1}.UnitTests-Debug|ARM64.ActiveCfg = Debug|ARM64
		{4F6ACCCE-6D7F-4C47-B57B-8B017AB383E1}.UnitTests-Debug|ARM64.Build.0 = Debug|ARM64
		{4F6ACCCE-6D7F-4C47-B57B-8B017AB383E1}.UnitTests-Debug|Win32.ActiveCfg = Debug|Win32
		{4F6ACCCE-6D7F-4C47-B57B-8B017AB383E1}.UnitTests-Debug|Win32.Build.0 = Debug|Win32
		{4F6ACCCE-6D7F-4C47-B57B-8B017AB383E1}.UnitTests-Debug|x64.ActiveCfg = Debug|x64
		{4F6ACCCE-6D7F-4C47-B57B-8B017AB383E1}.UnitTests-Debug|x64.Build.0 = Debug|x64
		{4F6ACCCE-6D7F-4C47-B57B-8B017AB383E1}.UnitTests-Release|ARM64.ActiveCfg = Release|ARM64
		{4F6ACCCE-6D7F-4C47-B57B-8B017AB383E1}.UnitTests-Release|ARM64.Build.0 = Release|ARM64
		{4F6ACCCE-6D7F-4C47-B57B-8B017AB383E1}.UnitTests-Release|Win32.ActiveCfg = Release|Win32
		{4F6ACCCE-6D7F-4C47-B57B-8B017AB383E1}.UnitTests-Release|Win32.Build.0 = Release|Win32
		{4F6ACCCE-6D7F-4C47-B57B-8B017AB383E1}.UnitTests-Release|x64.ActiveCfg = Release|x64
		{4F6ACCCE-6D7F-4C47-B57B-8B017AB383E1}.UnitTests-Release|x64.Build.0 = Release|x64
		{757A04A3-9F41-42E2-813C-0774D3835AFB}.Debug|ARM64.ActiveCfg = Debug|ARM64
		{757A04A3-9F41-42E2-813C-0774D3835AFB}.Debug|Win32.ActiveCfg = Debug|Win32
		{757A04A3-9F41-42E2-813C-0774D3835AFB}.Debug|x64.ActiveCfg = Debug|x64
		{757A04A3-9F41-42E2-813C-0774D3835AFB}.Release|ARM64.ActiveCfg = Release|ARM64
		{757A04A3-9F41-42E2-813C-0774D3835AFB}.Release|Win32.ActiveCfg = Release|Win32
		{757A04A3-9F41-42E2-813C-0774D3835AFB}.Release|x64.ActiveCfg = Release|x64
		{757A04A3-9F41-42E2-813C-0774D3835AFB}.UnitTests-Debug|ARM64.ActiveCfg = Debug|ARM64
		{757A04A3-9F41-42E2-813C-0774D3835AFB}.UnitTests-Debug|ARM64.Build.0 = Debug|ARM64
		{757A04A3-9F41-42E2-813C-0774D3835AFB}.UnitTests-Debug|Win32.ActiveCfg = Debug|Win32
		{757A04A3-9F41-42E2-813C-0774D3835AFB}.UnitTests-Debug|Win32.Build.0 = Debug|Win32
		{757A04A3-9F41-42E2-813C-0774D3835AFB}.UnitTests-Debug|x64.ActiveCfg = Debug|x64
		{757A04A3-9F41-42E2-813C-0774D3835AFB}.UnitTests-Debug|x64.Build.0 = Debug|x64
		{757A04A3-9F41-42E2-813C-0774D3835AFB}.UnitTests-Release|ARM64.ActiveCfg = Release|ARM64
		{757A04A3-9F41-42E2-813C-0774D3835AFB}.UnitTests-Release|ARM64.Build.0 = Release|ARM64
		{757A04A3-9F41-42E2-813C-0774D3835AFB}.UnitTests-Release|Win32.ActiveCfg = Release|Win32
		{757A04A3-9F41-42E2-813C-0774D3835AFB}.UnitTests-Release|Win32.Build.0 = Release|Win32
		{757A04A3-9F41-42E2-813C-0774D3835AFB}.UnitTests-Release|x64.ActiveCfg = Release|x64
		{757A04A3-9F41-42E2-813C-0774D3835AFB}.UnitTests-Release|x64.Build.0 = Release|x64
		{6612248A-AB2C-400B-A879-89CA63DBFCD1}.Debug|ARM64.ActiveCfg = Debug|ARM64
		{6612248A-AB2C-400B-A879-89CA63DBFCD1}.Debug|Win32.ActiveCfg = Debug|Win32
		{6612248A-AB2C-400B-A879-89CA63DBFCD1}.Debug|x64.ActiveCfg = Debug|x64
		{6612248A-AB2C-400B-A879-89CA63DBFCD1}.Release|ARM64.ActiveCfg = Release|ARM64
		{6612248A-AB2C-400B-A879-89CA63DBFCD1}.Release|Win32.ActiveCfg = Release|Win32
		{6612248A-AB2C-400B-A879-89CA63DBFCD1}.Release|x64.ActiveCfg = Release|x64
		{6612248A-AB2C-400B-A879-89CA63DBFCD1}.UnitTests-Debug|ARM64.ActiveCfg = Debug|ARM64
		{6612248A-AB2C-400B-A879-89CA63DBFCD1}.UnitTests-Debug|ARM64.Build.0 = Debug|ARM64
		{6612248A-AB2C-400B-A879-89CA63DBFCD1}.UnitTests-Debug|Win32.ActiveCfg = Debug|Win32
		{6612248A-AB2C-400B-A879-89CA63DBFCD1}.UnitTests-Debug|Win32.Build.0 = Debug|Win32
		{6612248A-AB2C-400B-A879-89CA63DBFCD1}.UnitTests-Debug|x64.ActiveCfg = Debug|x64
		{6612248A-AB2C-400B-A879-89CA63DBFCD1}.UnitTests-Debug|x64.Build.0 = Debug|x64
		{6612248A-AB2C-400B-A879-89CA63DBFCD1}.UnitTests-Release|ARM64.ActiveCfg = Release|ARM64
		{6612248A-AB2C-400B-A879-89CA63DBFCD1}.UnitTests-Release|ARM64.Build.0 = Release|ARM64
		{6612248A-AB2C-400B-A879-89CA63DBFCD1}.UnitTests-Release|Win32.ActiveCfg = Release|Win32
		{6612248A-AB2C-400B-A879-89CA63DBFCD1}.UnitTests-Release|Win32.Build.0 = Release|Win32
		{6612248A-AB2C-400B-A879-89CA63DBFCD1}.UnitTests-Release|x64.ActiveCfg = Release|x64
		{6612248A-AB2C-400B-A879-89CA63DBFCD1}.UnitTests-Release|x64.Build.0 = Release|x64
		{BF86226A-49BA-401C-B6E1-DC52A7D7965D}.Debug|ARM64.ActiveCfg = Debug|ARM64
		{BF86226A-49BA-401C-B6E1-DC52A7D7965D}.Debug|Win32.ActiveCfg = Debug|Win32
		{BF86226A-49BA-401C-B6E1-DC52A7D7965D}.Debug|x64.ActiveCfg = Debug|x64
		{BF86226A-49BA-401C-B6E1-DC52A7D7965D}.Release|ARM64.ActiveCfg = Release|ARM64
		{BF86226A-49BA-401C-B6E1-DC52A7D7965D}.Release|Win32.ActiveCfg = Release|Win32
		{BF86226A-49BA-401C-B6E1-DC52A7D7965D}.Release|x64.ActiveCfg = Release|x64
		{BF86226A-49BA-401C-B6E1-DC52A7D7965D}.UnitTests-Debug|ARM64.ActiveCfg = Debug|ARM64
		{BF86226A-49BA-401C-B6E1-DC52A7D7965D}.UnitTests-Debug|ARM64.Build.0 = Debug|ARM64
		{BF86226A-49BA-401C-B6E1-DC52A7D7965D}.UnitTests-Debug|Win32.ActiveCfg = Debug|Win32
		{BF86226A-49BA-401C-B6E1-DC52A7D7965D}.UnitTests-Debug|Win32.Build.0 = Debug|Win32
		{BF86226A-49BA-401C-B6E1-DC52A7D7965D}.UnitTests-Debug|x64.ActiveCfg = Debug|x64
		{BF86226A-49BA-401C-B6E1-DC52A7D7965D}.UnitTests-Debug|x64.Build.0 = Debug|x64
		{BF86226A-49BA-401C-B6E1-DC52A7D7965D}.UnitTests-Release|ARM64.ActiveCfg = Release|ARM64
		{BF86226A-49BA-401C-B6E1-DC52A7D7965D}.UnitTests-Release|ARM64.Build.0 = Release|ARM64
		{BF86226A-49BA-401C-B6E1-DC52A7D7965D}.UnitTests-Release|Win32.ActiveCfg = Release|Win32
		{BF86226A-49BA-401C-B6E1-DC52A7D7965D}.UnitTests-Release|Win32.Build.0 = Release|Win32
		{BF86226A-49BA-401C-B6E1-DC52A7D7965D}.UnitTests-Release|x64.ActiveCfg = Release|x64
		{BF86226A-49BA-401C-B6E1-DC52A7D7965D}.UnitTests-Release|x64.Build.0 = Release|x64
		{E2E11769-76C3-40BD-BF1C-A9198481BD6E}.Debug|ARM64.ActiveCfg = Debug|ARM64
		{E2E11769-76C3-40BD-BF1C-A9198481BD6E}.Debug|Win32.ActiveCfg = Debug|Win32
		{E2E11769-76C3-40BD-BF1C-A9198481BD6E}.Debug|x64.ActiveCfg = Debug|x64
		{E2E11769-76C3-40BD-BF1C-A9198481BD6E}.Release|ARM64.ActiveCfg = Release|ARM64
		{E2E11769-76C3-40BD-BF1C-A9198481BD6E}.Release|Win32.ActiveCfg = Release|Win32
		{E2E11769-76C3-40BD-BF1C-A9198481BD6E}.Release|x64.ActiveCfg = Release|x64
		{E2E11769-76C3-40BD-BF1C-A9198481BD6E}.UnitTests-Debug|ARM64.ActiveCfg = Debug|ARM64
		{E2E11769-76C3-40BD-BF1C-A9198481BD6E}.UnitTests-Debug|ARM64.Build.0 = Debug|ARM64
		{E2E11769-76C3-40BD-BF1C-A9198481BD6E}.UnitTests-Debug|Win32.ActiveCfg = Debug|Win32
		{E2E11769-76C3-40BD-BF1C-A9198481BD6E}.UnitTests-Debug|Win32.Build.0 = Debug|Win32
		{E2E11769-76C3-40BD-BF1C-A9198481BD6E}.UnitTests-Debug|x64.ActiveCfg = Debug|x64
		{E2E11769-76C3-40BD-BF1C-A9198481BD6E}.UnitTests-Debug|x64.Build.0 = Debug|x64
		{E2E11769-76C3-40BD-BF1C-A9198481BD6E}.UnitTests-Release|ARM64.ActiveCfg = Release|ARM64
		{E2E11769-76C3-40BD-BF1C-A9198481BD6E}.UnitTests-Release|ARM64.Build.0 = Release|ARM64
		{E2E11769-76C3-40BD-BF1C-A9198481BD6E}.UnitTests-Release|Win32.ActiveCfg = Release|Win32
		{E2E11769-76C3-40BD-BF1C-A9198481BD6E}.UnitTests-Release|Win32.Build.0 = Release|Win32
		{E2E11769-76C3-40BD-BF1C-A9198481BD6E}.UnitTests-Release|x64.ActiveCfg = Release|x64
		{E2E11769-76C3-40BD-BF1C-A9198481BD6E}.UnitTests-Release|x64.Build.0 = Release|x64
		{4E77EA22-B1FA-4FC0-8E13-74953DE245D7}.Debug|ARM64.ActiveCfg = Debug|ARM64
		{4E77EA22-B1FA-4FC0-8E13-74953DE245D7}.Debug|Win32.ActiveCfg = Debug|Win32
		{4E77EA22-B1FA-4FC0-8E13-74953DE245D7}.Debug|x64.ActiveCfg = Debug|x64
		{4E77EA22-B1FA-4FC0-8E13-74953DE245D7}.Release|ARM64.ActiveCfg = Release|ARM64
		{4E77EA22-B1FA-4FC0-8E13-74953DE245D7}.Release|Win32.ActiveCfg = Release|Win32
		{4E77EA22-B1FA-4FC0-8E13-74953DE245D7}.Release|x64.ActiveCfg = Release|x64
		{4E77EA22-B1FA-4FC0-8E13-74953DE245D7}.UnitTests-Debug|ARM64.ActiveCfg = Debug|ARM64
		{4E77EA22-B1FA-4FC0-8E13-74953DE245D7}.UnitTests-Debug|ARM64.Build.0 = Debug|ARM64
		{4E77EA22-B1FA-4FC0-8E13-74953DE245D7}.UnitTests-Debug|Win32.ActiveCfg = Debug|Win32
		{4E77EA22-B1FA-4FC0-8E13-74953DE245D7}.UnitTests-Debug|Win32.Build.0 = Debug|Win32
		{4E77EA22-B1FA-4FC0-8E13-74953DE245D7}.UnitTests-Debug|x64.ActiveCfg = Debug|x64
		{4E77EA22-B1FA-4FC0-8E13-74953DE245D7}.UnitTests-Debug|x64.Build.0 = Debug|x64
		{4E77EA22-B1FA-4FC0-8E13-74953DE245D7}.UnitTests-Release|ARM64.ActiveCfg = Release|ARM64
		{4E77EA22-B1FA-4FC0-8E13-74953DE245D7}.UnitTests-Release|ARM64.Build.0 = Release|ARM64
		{4E77EA22-B1FA-4FC0-8E13-74953DE245D7}.UnitTests-Release|Win32.ActiveCfg = Release|Win32
		{4E77EA22-B1FA-4FC0-8E13-74953DE245D7}.UnitTests-Release|Win32.Build.0 = Release|Win32
		{4E77EA22-B1FA-4FC0-8E13-74953DE245D7}.UnitTests-Release|x64.ActiveCfg = Release|x64
		{4E77EA22-B1FA-4FC0-8E13-74953DE245D7}.UnitTests-Release|x64.Build.0 = Release|x64
		{862B6ABA-D1C6-4DB8-A893-747CC8B5D0F2}.Debug|ARM64.ActiveCfg = Debug|ARM64
		{862B6ABA-D1C6-4DB8-A893-747CC8B5D0F2}.Debug|Win32.ActiveCfg = Debug|Win32
		{862B6ABA-D1C6-4DB8-A893-747CC8B5D0F2}.Debug|x64.ActiveCfg = Debug|x64
		{862B6ABA-D1C6-4DB8-A893-747CC8B5D0F2}.Release|ARM64.ActiveCfg = Release|ARM64
		{862B6ABA-D1C6-4DB8-A893-747CC8B5D0F2}.Release|Win32.ActiveCfg = Release|Win32
		{862B6ABA-D1C6-4DB8-A893-747CC8B5D0F2}.Release|x64.ActiveCfg = Release|x64
		{862B6ABA-D1C6-4DB8-A893-747CC8B5D0F2}.UnitTests-Debug|ARM64.ActiveCfg = Debug|ARM64
		{862B6ABA-D1C6-4DB8-A893-747CC8B5D0F2}.UnitTests-Debug|ARM64.Build.0 = Debug|ARM64
		{862B6ABA-D1C6-4DB8-A893-747CC8B5D0F2}.UnitTests-Debug|Win32.ActiveCfg = Debug|Win32
		{862B6ABA-D1C6-4DB8-A893-747CC8B5D0F2}.UnitTests-Debug|Win32.Build.0 = Debug|Win32
		{862B6ABA-D1C6-4DB8-A893-747CC8B5D0F2}.UnitTests-Debug|x64.ActiveCfg = Debug|x64
		{862B6ABA-D1C6-4DB8-A893-747CC8B5D0F2}.UnitTests-Debug|x64.Build.0 = Debug|x64
		{862B6ABA-D1C6-4DB8-A893-747CC8B5D0F2}.UnitTests-Release|ARM64.ActiveCfg = Release|ARM64
		{862B6ABA-D1C6-4DB8-A893-747CC8B5D0F2}.UnitTests-Release|ARM64.Build.0 = Release|ARM64
		{862B6ABA-D1C6-4DB8-A893-747CC8B5D0F2}.UnitTests-Release|Win32.ActiveCfg = Release|Win32
		{862B6ABA-D1C6-4DB8-A893-747CC8B5D0F2}.UnitTests-Release|Win32.Build.0 = Release|Win32
		{862B6ABA-D1C6-4DB8-A893-747CC8B5D0F2}.UnitTests-Release|x64.ActiveCfg = Release|x64
		{862B6ABA-D1C6-4DB8-A893-747CC8B5D0F2}.UnitTests-Release|x64.Build.0 = Release|x64
	EndGlobalSection
	GlobalSection(SolutionProperties) = preSolution
		HideSolutionNode = FALSE
	EndGlobalSection
	GlobalSection(NestedProjects) = preSolution
		{73CFCB2E-19E6-4ADF-B825-D2FA87458F3C} = {09795456-9DA5-4253-AE04-DD2AB464238A}
		{48AECF41-79C7-4739-A80E-B4CD22CCE099} = {09795456-9DA5-4253-AE04-DD2AB464238A}
		{3C50AA0B-8B10-4BAD-85F8-953861327D0A} = {09795456-9DA5-4253-AE04-DD2AB464238A}
		{263DECCF-470B-4BD0-B21A-D349B563CF6C} = {09795456-9DA5-4253-AE04-DD2AB464238A}
		{4F6ACCCE-6D7F-4C47-B57B-8B017AB383E1} = {09795456-9DA5-4253-AE04-DD2AB464238A}
		{757A04A3-9F41-42E2-813C-0774D3835AFB} = {09795456-9DA5-4253-AE04-DD2AB464238A}
		{6612248A-AB2C-400B-A879-89CA63DBFCD1} = {09795456-9DA5-4253-AE04-DD2AB464238A}
		{BF86226A-49BA-401C-B6E1-DC52A7D7965D} = {09795456-9DA5-4253-AE04-DD2AB464238A}
		{E2E11769-76C3-40BD-BF1C-A9198481BD6E} = {09795456-9DA5-4253-AE04-DD2AB464238A}
		{4E77EA22-B1FA-4FC0-8E13-74953DE245D7} = {09795456-9DA5-4253-AE04-DD2AB464238A}
		{862B6ABA-D1C6-4DB8-A893-747CC8B5D0F2} = {09795456-9DA5-4253-AE04-DD2AB464238A}
	EndGlobalSection
	GlobalSection(ExtensibilityGlobals) = postSolution
		SolutionGuid = {06E89BF8-F199-48B1-94CB-D7BB1B23DDD9}
	EndGlobalSection
EndGlobal
