<?xml version="1.0" encoding="utf-8"?>
<Project ToolsVersion="4.0" xmlns="http://schemas.microsoft.com/developer/msbuild/2003">
  <ItemGroup>
    <Filter Include="Source Files">
      <UniqueIdentifier>{4151047e-39a1-4271-9add-689f1f9eb2ea}</UniqueIdentifier>
      <Extensions>cpp;c;cxx;def;odl;idl;hpj;bat;asm</Extensions>
    </Filter>
    <Filter Include="Header Files">
      <UniqueIdentifier>{aff7f018-f91f-42f6-a641-e503c124476a}</UniqueIdentifier>
      <Extensions>h;hpp;hxx;hm;inl;inc</Extensions>
    </Filter>
    <Filter Include="Resource Files">
      <UniqueIdentifier>{b8f98794-7ba8-4299-afee-d005206d8845}</UniqueIdentifier>
      <Extensions>rc;ico;cur;bmp;dlg;rc2;rct;bin;rgs;gif;jpg;jpeg;jpe</Extensions>
    </Filter>
  </ItemGroup>
  <ItemGroup>
    <ClCompile Include="src\commandline.cpp">
      <Filter>Source Files</Filter>
    </ClCompile>
    <ClCompile Include="src\crc.cpp">
      <Filter>Source Files</Filter>
    </ClCompile>
    <ClCompile Include="src\creatorpacket.cpp">
      <Filter>Source Files</Filter>
    </ClCompile>
    <ClCompile Include="src\criticalpacket.cpp">
      <Filter>Source Files</Filter>
    </ClCompile>
    <ClCompile Include="src\datablock.cpp">
      <Filter>Source Files</Filter>
    </ClCompile>
    <ClCompile Include="src\descriptionpacket.cpp">
      <Filter>Source Files</Filter>
    </ClCompile>
    <ClCompile Include="src\diskfile.cpp">
      <Filter>Source Files</Filter>
    </ClCompile>
    <ClCompile Include="src\filechecksummer.cpp">
      <Filter>Source Files</Filter>
    </ClCompile>
    <ClCompile Include="src\galois.cpp">
      <Filter>Source Files</Filter>
    </ClCompile>
    <ClCompile Include="src\mainpacket.cpp">
      <Filter>Source Files</Filter>
    </ClCompile>
    <ClCompile Include="src\md5.cpp">
      <Filter>Source Files</Filter>
    </ClCompile>
    <ClCompile Include="src\par1fileformat.cpp">
      <Filter>Source Files</Filter>
    </ClCompile>
    <ClCompile Include="src\par1repairer.cpp">
      <Filter>Source Files</Filter>
    </ClCompile>
    <ClCompile Include="src\par1repairersourcefile.cpp">
      <Filter>Source Files</Filter>
    </ClCompile>
    <ClCompile Include="src\par2cmdline.cpp">
      <Filter>Source Files</Filter>
    </ClCompile>
    <ClCompile Include="src\par2creator.cpp">
      <Filter>Source Files</Filter>
    </ClCompile>
    <ClCompile Include="src\par2creatorsourcefile.cpp">
      <Filter>Source Files</Filter>
    </ClCompile>
    <ClCompile Include="src\par2fileformat.cpp">
      <Filter>Source Files</Filter>
    </ClCompile>
    <ClCompile Include="src\par2repairer.cpp">
      <Filter>Source Files</Filter>
    </ClCompile>
    <ClCompile Include="src\par2repairersourcefile.cpp">
      <Filter>Source Files</Filter>
    </ClCompile>
    <ClCompile Include="src\recoverypacket.cpp">
      <Filter>Source Files</Filter>
    </ClCompile>
    <ClCompile Include="src\reedsolomon.cpp">
      <Filter>Source Files</Filter>
    </ClCompile>
    <ClCompile Include="src\verificationhashtable.cpp">
      <Filter>Source Files</Filter>
    </ClCompile>
    <ClCompile Include="src\verificationpacket.cpp">
      <Filter>Source Files</Filter>
    </ClCompile>
    <ClCompile Include="src\libpar2.cpp">
      <Filter>Source Files</Filter>
    </ClCompile>
    <ClCompile Include="src\utf8.cpp">
      <Filter>Source Files</Filter>
    </ClCompile>
  </ItemGroup>
  <ItemGroup>
    <ClInclude Include="src\commandline.h">
      <Filter>Header Files</Filter>
    </ClInclude>
    <ClInclude Include="src\crc.h">
      <Filter>Header Files</Filter>
    </ClInclude>
    <ClInclude Include="src\creatorpacket.h">
      <Filter>Header Files</Filter>
    </ClInclude>
    <ClInclude Include="src\criticalpacket.h">
      <Filter>Header Files</Filter>
    </ClInclude>
    <ClInclude Include="src\datablock.h">
      <Filter>Header Files</Filter>
    </ClInclude>
    <ClInclude Include="src\descriptionpacket.h">
      <Filter>Header Files</Filter>
    </ClInclude>
    <ClInclude Include="src\diskfile.h">
      <Filter>Header Files</Filter>
    </ClInclude>
    <ClInclude Include="src\filechecksummer.h">
      <Filter>Header Files</Filter>
    </ClInclude>
    <ClInclude Include="src\galois.h">
      <Filter>Header Files</Filter>
    </ClInclude>
    <ClInclude Include="src\letype.h">
      <Filter>Header Files</Filter>
    </ClInclude>
    <ClInclude Include="src\mainpacket.h">
      <Filter>Header Files</Filter>
    </ClInclude>
    <ClInclude Include="src\md5.h">
      <Filter>Header Files</Filter>
    </ClInclude>
    <ClInclude Include="src\par1fileformat.h">
      <Filter>Header Files</Filter>
    </ClInclude>
    <ClInclude Include="src\par1repairer.h">
      <Filter>Header Files</Filter>
    </ClInclude>
    <ClInclude Include="src\par1repairersourcefile.h">
      <Filter>Header Files</Filter>
    </ClInclude>
    <ClInclude Include="src\par2creator.h">
      <Filter>Header Files</Filter>
    </ClInclude>
    <ClInclude Include="src\par2creatorsourcefile.h">
      <Filter>Header Files</Filter>
    </ClInclude>
    <ClInclude Include="src\par2fileformat.h">
      <Filter>Header Files</Filter>
    </ClInclude>
    <ClInclude Include="src\par2repairer.h">
      <Filter>Header Files</Filter>
    </ClInclude>
    <ClInclude Include="src\par2repairersourcefile.h">
      <Filter>Header Files</Filter>
    </ClInclude>
    <ClInclude Include="src\recoverypacket.h">
      <Filter>Header Files</Filter>
    </ClInclude>
    <ClInclude Include="src\reedsolomon.h">
      <Filter>Header Files</Filter>
    </ClInclude>
    <ClInclude Include="src\verificationhashtable.h">
      <Filter>Header Files</Filter>
    </ClInclude>
    <ClInclude Include="src\verificationpacket.h">
      <Filter>Header Files</Filter>
    </ClInclude>
    <ClInclude Include="src\libpar2.h">
      <Filter>Header Files</Filter>
    </ClInclude>
    <ClInclude Include="src\libpar2internal.h">
      <Filter>Header Files</Filter>
    </ClInclude>
    <ClInclude Include="src\utf8.h">
      <Filter>Header Files</Filter>
    </ClInclude>
  </ItemGroup>
  <ItemGroup>
    <None Include="AUTHORS" />
    <None Include="ChangeLog" />
    <None Include="config.guess" />
    <None Include="config.h.in" />
    <None Include="config.sub" />
    <None Include="configure.ac" />
    <None Include="COPYING" />
    <None Include="depcomp" />
    <None Include="INSTALL" />
    <None Include="install-sh" />
    <None Include="Makefile.am" />
    <None Include="Makefile.in" />
    <None Include="missing" />
    <None Include="mkinstalldirs" />
    <None Include="NEWS" />
    <None Include="README" />
    <None Include="README.md" />
    <None Include="ROADMAP" />
    <None Include="stamp-h.in" />
  </ItemGroup>
</Project>