Microsoft Visual Studio Solution File, Format Version 8.00
Project("{8BC9CEB8-8B4A-11D0-8D11-00A0C91BC942}") = "par2cmdline", "par2cmdline.vcproj", "{D0A94F83-495E-4FB2-AC33-9A3EC2CC263B}"
	ProjectSection(ProjectDependencies) = postProject
	EndProjectSection
EndProject
Global
	GlobalSection(SolutionConfiguration) = preSolution
		Debug = Debug
		Release = Release
	EndGlobalSection
	GlobalSection(ProjectConfiguration) = postSolution
		{D0A94F83-495E-4FB2-AC33-9A3EC2CC263B}.Debug.ActiveCfg = Debug|Win32
		{D0A94F83-495E-4FB2-AC33-9A3EC2CC263B}.Debug.Build.0 = Debug|Win32
		{D0A94F83-495E-4FB2-AC33-9A3EC2CC263B}.Release.ActiveCfg = Release|Win32
		{D0A94F83-495E-4FB2-AC33-9A3EC2CC263B}.Release.Build.0 = Release|Win32
	EndGlobalSection
	GlobalSection(ExtensibilityGlobals) = postSolution
	EndGlobalSection
	GlobalSection(ExtensibilityAddIns) = postSolution
	EndGlobalSection
EndGlobal
